
Microsoft Visual Studio Solution File, Format Version 12.00
# Visual Studio 15
VisualStudioVersion = 15.0.28307.645
MinimumVisualStudioVersion = 10.0.40219.1
Project("{8BC9CEB8-8B4A-11D0-8D11-00A0C91BC942}") = "ESP32-CAM Opencv Example", "ESP32-CAM Opencv Example.vcxproj", "{C8EAAD7B-6598-4101-B791-2921D1CFA9C3}"
EndProject
Global
	GlobalSection(SolutionConfigurationPlatforms) = preSolution
		Debug|x64 = Debug|x64
		Debug|x86 = Debug|x86
		Release|x64 = Release|x64
		Release|x86 = Release|x86
	EndGlobalSection
	GlobalSection(ProjectConfigurationPlatforms) = postSolution
		{C8EAAD7B-6598-4101-B791-2921D1CFA9C3}.Debug|x64.ActiveCfg = Debug|x64
		{C8EAAD7B-6598-4101-B791-2921D1CFA9C3}.Debug|x64.Build.0 = Debug|x64
		{C8EAAD7B-6598-4101-B791-2921D1CFA9C3}.Debug|x86.ActiveCfg = Debug|Win32
		{C8EAAD7B-6598-4101-B791-2921D1CFA9C3}.Debug|x86.Build.0 = Debug|Win32
		{C8EAAD7B-6598-4101-B791-2921D1CFA9C3}.Release|x64.ActiveCfg = Release|x64
		{C8EAAD7B-6598-4101-B791-2921D1CFA9C3}.Release|x64.Build.0 = Release|x64
		{C8EAAD7B-6598-4101-B791-2921D1CFA9C3}.Release|x86.ActiveCfg = Release|Win32
		{C8EAAD7B-6598-4101-B791-2921D1CFA9C3}.Release|x86.Build.0 = Release|Win32
	EndGlobalSection
	GlobalSection(SolutionProperties) = preSolution
		HideSolutionNode = FALSE
	EndGlobalSection
	GlobalSection(ExtensibilityGlobals) = postSolution
		SolutionGuid = {756CD6A3-31E0-4F1E-8D9F-15F49B3B5B1F}
	EndGlobalSection
EndGlobal
